
Microsoft Visual Studio Solution File, Format Version 12.00
# Visual Studio Version 17
VisualStudioVersion = 17.4.33122.133
MinimumVisualStudioVersion = 10.0.40219.1
Project("{FAE04EC0-301F-11D3-BF4B-00C04F79EFBC}") = "Project2PerfectNums", "Project2PerfectNums.csproj", "{F794B91C-45A5-4193-A580-550D65CB2267}"
EndProject
Global
	GlobalSection(SolutionConfigurationPlatforms) = preSolution
		Debug|Any CPU = Debug|Any CPU
		Release|Any CPU = Release|Any CPU
	EndGlobalSection
	GlobalSection(ProjectConfigurationPlatforms) = postSolution
		{F794B91C-45A5-4193-A580-550D65CB2267}.Debug|Any CPU.ActiveCfg = Debug|Any CPU
		{F794B91C-45A5-4193-A580-550D65CB2267}.Debug|Any CPU.Build.0 = Debug|Any CPU
		{F794B91C-45A5-4193-A580-550D65CB2267}.Release|Any CPU.ActiveCfg = Release|Any CPU
		{F794B91C-45A5-4193-A580-550D65CB2267}.Release|Any CPU.Build.0 = Release|Any CPU
	EndGlobalSection
	GlobalSection(SolutionProperties) = preSolution
		HideSolutionNode = FALSE
	EndGlobalSection
	GlobalSection(ExtensibilityGlobals) = postSolution
		SolutionGuid = {61E0EBBB-F724-41DA-B1CC-215B923DA182}
	EndGlobalSection
EndGlobal
